// !$*UTF8*$!
{
	archiveVersion = 1;
	classes = {
	};
	objectVersion = 46;
	objects = {

/* Begin PBXBuildFile section */
		85ECE1911B7F2008004C9BBE /* Main.storyboard in Resources */ = {isa = PBXBuildFile; fileRef = 85ECE18F1B7F2008004C9BBE /* Main.storyboard */; };
		85ECE1931B7F2008004C9BBE /* Images.xcassets in Resources */ = {isa = PBXBuildFile; fileRef = 85ECE1921B7F2008004C9BBE /* Images.xcassets */; };
		85ECE1961B7F2008004C9BBE /* LaunchScreen.xib in Resources */ = {isa = PBXBuildFile; fileRef = 85ECE1941B7F2008004C9BBE /* LaunchScreen.xib */; };
		85ECE1A21B7F2008004C9BBE /* MHButtonTests.m in Sources */ = {isa = PBXBuildFile; fileRef = 85ECE1A11B7F2008004C9BBE /* MHButtonTests.m */; };
		BDC66F661B9D78620064913D /* ViewController.m in Sources */ = {isa = PBXBuildFile; fileRef = BDC66F5A1B9D78620064913D /* ViewController.m */; };
		BDC66F671B9D78620064913D /* AppDelegate.m in Sources */ = {isa = PBXBuildFile; fileRef = BDC66F5E1B9D78620064913D /* AppDelegate.m */; };
		BDC66F6A1B9D78620064913D /* MHButton.m in Sources */ = {isa = PBXBuildFile; fileRef = BDC66F631B9D78620064913D /* MHButton.m */; };
		BDC66F6B1B9D78620064913D /* MHToolbar.m in Sources */ = {isa = PBXBuildFile; fileRef = BDC66F651B9D78620064913D /* MHToolbar.m */; };
		BDC66F6D1B9D78C80064913D /* Default-568h@2x.png in Resources */ = {isa = PBXBuildFile; fileRef = BDC66F6C1B9D78C80064913D /* Default-568h@2x.png */; };
		BDC66F6F1B9D79270064913D /* main.m in Sources */ = {isa = PBXBuildFile; fileRef = BDC66F6E1B9D79270064913D /* main.m */; };
		BDC66F711B9D79360064913D /* Info.plist in Resources */ = {isa = PBXBuildFile; fileRef = BDC66F701B9D79360064913D /* Info.plist */; };
/* End PBXBuildFile section */

/* Begin PBXContainerItemProxy section */
		85ECE19C1B7F2008004C9BBE /* PBXContainerItemProxy */ = {
			isa = PBXContainerItemProxy;
			containerPortal = 85ECE17A1B7F2008004C9BBE /* Project object */;
			proxyType = 1;
			remoteGlobalIDString = 85ECE1811B7F2008004C9BBE;
			remoteInfo = MHButton;
		};
/* End PBXContainerItemProxy section */

/* Begin PBXFileReference section */
		85ECE1821B7F2008004C9BBE /* MHButton.app */ = {isa = PBXFileReference; explicitFileType = wrapper.application; includeInIndex = 0; path = MHButton.app; sourceTree = BUILT_PRODUCTS_DIR; };
		85ECE1901B7F2008004C9BBE /* Base */ = {isa = PBXFileReference; lastKnownFileType = file.storyboard; name = Base; path = Base.lproj/Main.storyboard; sourceTree = "<group>"; };
		85ECE1921B7F2008004C9BBE /* Images.xcassets */ = {isa = PBXFileReference; lastKnownFileType = folder.assetcatalog; path = Images.xcassets; sourceTree = "<group>"; };
		85ECE1951B7F2008004C9BBE /* Base */ = {isa = PBXFileReference; lastKnownFileType = file.xib; name = Base; path = Base.lproj/LaunchScreen.xib; sourceTree = "<group>"; };
		85ECE19B1B7F2008004C9BBE /* MHButtonTests.xctest */ = {isa = PBXFileReference; explicitFileType = wrapper.cfbundle; includeInIndex = 0; path = MHButtonTests.xctest; sourceTree = BUILT_PRODUCTS_DIR; };
		85ECE1A01B7F2008004C9BBE /* Info.plist */ = {isa = PBXFileReference; lastKnownFileType = text.plist.xml; path = Info.plist; sourceTree = "<group>"; };
		85ECE1A11B7F2008004C9BBE /* MHButtonTests.m */ = {isa = PBXFileReference; lastKnownFileType = sourcecode.c.objc; path = MHButtonTests.m; sourceTree = "<group>"; };
		BDC66F591B9D78620064913D /* ViewController.h */ = {isa = PBXFileReference; fileEncoding = 4; lastKnownFileType = sourcecode.c.h; path = ViewController.h; sourceTree = "<group>"; };
		BDC66F5A1B9D78620064913D /* ViewController.m */ = {isa = PBXFileReference; fileEncoding = 4; lastKnownFileType = sourcecode.c.objc; path = ViewController.m; sourceTree = "<group>"; };
		BDC66F5D1B9D78620064913D /* AppDelegate.h */ = {isa = PBXFileReference; fileEncoding = 4; lastKnownFileType = sourcecode.c.h; path = AppDelegate.h; sourceTree = "<group>"; };
		BDC66F5E1B9D78620064913D /* AppDelegate.m */ = {isa = PBXFileReference; fileEncoding = 4; lastKnownFileType = sourcecode.c.objc; path = AppDelegate.m; sourceTree = "<group>"; };
		BDC66F621B9D78620064913D /* MHButton.h */ = {isa = PBXFileReference; fileEncoding = 4; lastKnownFileType = sourcecode.c.h; path = MHButton.h; sourceTree = "<group>"; };
		BDC66F631B9D78620064913D /* MHButton.m */ = {isa = PBXFileReference; fileEncoding = 4; lastKnownFileType = sourcecode.c.objc; path = MHButton.m; sourceTree = "<group>"; };
		BDC66F641B9D78620064913D /* MHToolbar.h */ = {isa = PBXFileReference; fileEncoding = 4; lastKnownFileType = sourcecode.c.h; path = MHToolbar.h; sourceTree = "<group>"; };
		BDC66F651B9D78620064913D /* MHToolbar.m */ = {isa = PBXFileReference; fileEncoding = 4; lastKnownFileType = sourcecode.c.objc; path = MHToolbar.m; sourceTree = "<group>"; };
		BDC66F6C1B9D78C80064913D /* Default-568h@2x.png */ = {isa = PBXFileReference; lastKnownFileType = image.png; path = "Default-568h@2x.png"; sourceTree = "<group>"; };
		BDC66F6E1B9D79270064913D /* main.m */ = {isa = PBXFileReference; fileEncoding = 4; lastKnownFileType = sourcecode.c.objc; path = main.m; sourceTree = "<group>"; };
		BDC66F701B9D79360064913D /* Info.plist */ = {isa = PBXFileReference; fileEncoding = 4; lastKnownFileType = text.plist.xml; path = Info.plist; sourceTree = "<group>"; };
/* End PBXFileReference section */

/* Begin PBXFrameworksBuildPhase section */
		85ECE17F1B7F2008004C9BBE /* Frameworks */ = {
			isa = PBXFrameworksBuildPhase;
			buildActionMask = 2147483647;
			files = (
			);
			runOnlyForDeploymentPostprocessing = 0;
		};
		85ECE1981B7F2008004C9BBE /* Frameworks */ = {
			isa = PBXFrameworksBuildPhase;
			buildActionMask = 2147483647;
			files = (
			);
			runOnlyForDeploymentPostprocessing = 0;
		};
/* End PBXFrameworksBuildPhase section */

/* Begin PBXGroup section */
		85ECE1791B7F2008004C9BBE = {
			isa = PBXGroup;
			children = (
				BDC66F6C1B9D78C80064913D /* Default-568h@2x.png */,
				85ECE1841B7F2008004C9BBE /* MHButton */,
				85ECE19E1B7F2008004C9BBE /* MHButtonTests */,
				85ECE1831B7F2008004C9BBE /* Products */,
			);
			sourceTree = "<group>";
		};
		85ECE1831B7F2008004C9BBE /* Products */ = {
			isa = PBXGroup;
			children = (
				85ECE1821B7F2008004C9BBE /* MHButton.app */,
				85ECE19B1B7F2008004C9BBE /* MHButtonTests.xctest */,
			);
			name = Products;
			sourceTree = "<group>";
		};
		85ECE1841B7F2008004C9BBE /* MHButton */ = {
			isa = PBXGroup;
			children = (
				BDC66F581B9D78620064913D /* Controller */,
				BDC66F5B1B9D78620064913D /* Model */,
				BDC66F5C1B9D78620064913D /* Other */,
				BDC66F611B9D78620064913D /* View */,
				85ECE1921B7F2008004C9BBE /* Images.xcassets */,
				85ECE1941B7F2008004C9BBE /* LaunchScreen.xib */,
				85ECE1851B7F2008004C9BBE /* Supporting Files */,
			);
			path = MHButton;
			sourceTree = "<group>";
		};
		85ECE1851B7F2008004C9BBE /* Supporting Files */ = {
			isa = PBXGroup;
			children = (
				BDC66F701B9D79360064913D /* Info.plist */,
			);
			name = "Supporting Files";
			sourceTree = "<group>";
		};
		85ECE19E1B7F2008004C9BBE /* MHButtonTests */ = {
			isa = PBXGroup;
			children = (
				85ECE1A11B7F2008004C9BBE /* MHButtonTests.m */,
				85ECE19F1B7F2008004C9BBE /* Supporting Files */,
			);
			path = MHButtonTests;
			sourceTree = "<group>";
		};
		85ECE19F1B7F2008004C9BBE /* Supporting Files */ = {
			isa = PBXGroup;
			children = (
				85ECE1A01B7F2008004C9BBE /* Info.plist */,
			);
			name = "Supporting Files";
			sourceTree = "<group>";
		};
		BDC66F581B9D78620064913D /* Controller */ = {
			isa = PBXGroup;
			children = (
				85ECE18F1B7F2008004C9BBE /* Main.storyboard */,
				BDC66F591B9D78620064913D /* ViewController.h */,
				BDC66F5A1B9D78620064913D /* ViewController.m */,
			);
			path = Controller;
			sourceTree = "<group>";
		};
		BDC66F5B1B9D78620064913D /* Model */ = {
			isa = PBXGroup;
			children = (
			);
			path = Model;
			sourceTree = "<group>";
		};
		BDC66F5C1B9D78620064913D /* Other */ = {
			isa = PBXGroup;
			children = (
				BDC66F5D1B9D78620064913D /* AppDelegate.h */,
				BDC66F5E1B9D78620064913D /* AppDelegate.m */,
				BDC66F6E1B9D79270064913D /* main.m */,
			);
			path = Other;
			sourceTree = "<group>";
		};
		BDC66F611B9D78620064913D /* View */ = {
			isa = PBXGroup;
			children = (
				BDC66F621B9D78620064913D /* MHButton.h */,
				BDC66F631B9D78620064913D /* MHButton.m */,
				BDC66F641B9D78620064913D /* MHToolbar.h */,
				BDC66F651B9D78620064913D /* MHToolbar.m */,
			);
			path = View;
			sourceTree = "<group>";
		};
/* End PBXGroup section */

/* Begin PBXNativeTarget section */
		85ECE1811B7F2008004C9BBE /* MHButton */ = {
			isa = PBXNativeTarget;
			buildConfigurationList = 85ECE1A51B7F2008004C9BBE /* Build configuration list for PBXNativeTarget "MHButton" */;
			buildPhases = (
				85ECE17E1B7F2008004C9BBE /* Sources */,
				85ECE17F1B7F2008004C9BBE /* Frameworks */,
				85ECE1801B7F2008004C9BBE /* Resources */,
			);
			buildRules = (
			);
			dependencies = (
			);
			name = MHButton;
			productName = MHButton;
			productReference = 85ECE1821B7F2008004C9BBE /* MHButton.app */;
			productType = "com.apple.product-type.application";
		};
		85ECE19A1B7F2008004C9BBE /* MHButtonTests */ = {
			isa = PBXNativeTarget;
			buildConfigurationList = 85ECE1A81B7F2008004C9BBE /* Build configuration list for PBXNativeTarget "MHButtonTests" */;
			buildPhases = (
				85ECE1971B7F2008004C9BBE /* Sources */,
				85ECE1981B7F2008004C9BBE /* Frameworks */,
				85ECE1991B7F2008004C9BBE /* Resources */,
			);
			buildRules = (
			);
			dependencies = (
				85ECE19D1B7F2008004C9BBE /* PBXTargetDependency */,
			);
			name = MHButtonTests;
			productName = MHButtonTests;
			productReference = 85ECE19B1B7F2008004C9BBE /* MHButtonTests.xctest */;
			productType = "com.apple.product-type.bundle.unit-test";
		};
/* End PBXNativeTarget section */

/* Begin PBXProject section */
		85ECE17A1B7F2008004C9BBE /* Project object */ = {
			isa = PBXProject;
			attributes = {
				LastUpgradeCheck = 0640;
				ORGANIZATIONNAME = MHCompany;
				TargetAttributes = {
					85ECE1811B7F2008004C9BBE = {
						CreatedOnToolsVersion = 6.4;
						DevelopmentTeam = 93QPS2B3XE;
					};
					85ECE19A1B7F2008004C9BBE = {
						CreatedOnToolsVersion = 6.4;
						DevelopmentTeam = 4F8676AUE6;
						TestTargetID = 85ECE1811B7F2008004C9BBE;
					};
				};
			};
			buildConfigurationList = 85ECE17D1B7F2008004C9BBE /* Build configuration list for PBXProject "MHButton" */;
			compatibilityVersion = "Xcode 3.2";
			developmentRegion = English;
			hasScannedForEncodings = 0;
			knownRegions = (
				en,
				Base,
			);
			mainGroup = 85ECE1791B7F2008004C9BBE;
			productRefGroup = 85ECE1831B7F2008004C9BBE /* Products */;
			projectDirPath = "";
			projectRoot = "";
			targets = (
				85ECE1811B7F2008004C9BBE /* MHButton */,
				85ECE19A1B7F2008004C9BBE /* MHButtonTests */,
			);
		};
/* End PBXProject section */

/* Begin PBXResourcesBuildPhase section */
		85ECE1801B7F2008004C9BBE /* Resources */ = {
			isa = PBXResourcesBuildPhase;
			buildActionMask = 2147483647;
			files = (
				85ECE1911B7F2008004C9BBE /* Main.storyboard in Resources */,
				85ECE1961B7F2008004C9BBE /* LaunchScreen.xib in Resources */,
				BDC66F6D1B9D78C80064913D /* Default-568h@2x.png in Resources */,
				BDC66F711B9D79360064913D /* Info.plist in Resources */,
				85ECE1931B7F2008004C9BBE /* Images.xcassets in Resources */,
			);
			runOnlyForDeploymentPostprocessing = 0;
		};
		85ECE1991B7F2008004C9BBE /* Resources */ = {
			isa = PBXResourcesBuildPhase;
			buildActionMask = 2147483647;
			files = (
			);
			runOnlyForDeploymentPostprocessing = 0;
		};
/* End PBXResourcesBuildPhase section */

/* Begin PBXSourcesBuildPhase section */
		85ECE17E1B7F2008004C9BBE /* Sources */ = {
			isa = PBXSourcesBuildPhase;
			buildActionMask = 2147483647;
			files = (
				BDC66F6F1B9D79270064913D /* main.m in Sources */,
				BDC66F661B9D78620064913D /* ViewController.m in Sources */,
				BDC66F6A1B9D78620064913D /* MHButton.m in Sources */,
				BDC66F6B1B9D78620064913D /* MHToolbar.m in Sources */,
				BDC66F671B9D78620064913D /* AppDelegate.m in Sources */,
			);
			runOnlyForDeploymentPostprocessing = 0;
		};
		85ECE1971B7F2008004C9BBE /* Sources */ = {
			isa = PBXSourcesBuildPhase;
			buildActionMask = 2147483647;
			files = (
				85ECE1A21B7F2008004C9BBE /* MHButtonTests.m in Sources */,
			);
			runOnlyForDeploymentPostprocessing = 0;
		};
/* End PBXSourcesBuildPhase section */

/* Begin PBXTargetDependency section */
		85ECE19D1B7F2008004C9BBE /* PBXTargetDependency */ = {
			isa = PBXTargetDependency;
			target = 85ECE1811B7F2008004C9BBE /* MHButton */;
			targetProxy = 85ECE19C1B7F2008004C9BBE /* PBXContainerItemProxy */;
		};
/* End PBXTargetDependency section */

/* Begin PBXVariantGroup section */
		85ECE18F1B7F2008004C9BBE /* Main.storyboard */ = {
			isa = PBXVariantGroup;
			children = (
				85ECE1901B7F2008004C9BBE /* Base */,
			);
			name = Main.storyboard;
			path = ..;
			sourceTree = "<group>";
		};
		85ECE1941B7F2008004C9BBE /* LaunchScreen.xib */ = {
			isa = PBXVariantGroup;
			children = (
				85ECE1951B7F2008004C9BBE /* Base */,
			);
			name = LaunchScreen.xib;
			sourceTree = "<group>";
		};
/* End PBXVariantGroup section */

/* Begin XCBuildConfiguration section */
		85ECE1A31B7F2008004C9BBE /* Debug */ = {
			isa = XCBuildConfiguration;
			buildSettings = {
				ALWAYS_SEARCH_USER_PATHS = NO;
				CLANG_CXX_LANGUAGE_STANDARD = "gnu++0x";
				CLANG_CXX_LIBRARY = "libc++";
				CLANG_ENABLE_MODULES = YES;
				CLANG_ENABLE_OBJC_ARC = YES;
				CLANG_WARN_BOOL_CONVERSION = YES;
				CLANG_WARN_CONSTANT_CONVERSION = YES;
				CLANG_WARN_DIRECT_OBJC_ISA_USAGE = YES_ERROR;
				CLANG_WARN_EMPTY_BODY = YES;
				CLANG_WARN_ENUM_CONVERSION = YES;
				CLANG_WARN_INT_CONVERSION = YES;
				CLANG_WARN_OBJC_ROOT_CLASS = YES_ERROR;
				CLANG_WARN_UNREACHABLE_CODE = YES;
				CLANG_WARN__DUPLICATE_METHOD_MATCH = YES;
				"CODE_SIGN_IDENTITY[sdk=iphoneos*]" = "iPhone Developer";
				COPY_PHASE_STRIP = NO;
				DEBUG_INFORMATION_FORMAT = "dwarf-with-dsym";
				ENABLE_STRICT_OBJC_MSGSEND = YES;
				GCC_C_LANGUAGE_STANDARD = gnu99;
				GCC_DYNAMIC_NO_PIC = NO;
				GCC_NO_COMMON_BLOCKS = YES;
				GCC_OPTIMIZATION_LEVEL = 0;
				GCC_PREPROCESSOR_DEFINITIONS = (
					"DEBUG=1",
					"$(inherited)",
				);
				GCC_SYMBOLS_PRIVATE_EXTERN = NO;
				GCC_WARN_64_TO_32_BIT_CONVERSION = YES;
				GCC_WARN_ABOUT_RETURN_TYPE = YES_ERROR;
				GCC_WARN_UNDECLARED_SELECTOR = YES;
				GCC_WARN_UNINITIALIZED_AUTOS = YES_AGGRESSIVE;
				GCC_WARN_UNUSED_FUNCTION = YES;
				GCC_WARN_UNUSED_VARIABLE = YES;
				IPHONEOS_DEPLOYMENT_TARGET = 8.4;
				MTL_ENABLE_DEBUG_INFO = YES;
				ONLY_ACTIVE_ARCH = YES;
				PROVISIONING_PROFILE = "";
				SDKROOT = iphoneos;
			};
			name = Debug;
		};
		85ECE1A41B7F2008004C9BBE /* Release */ = {
			isa = XCBuildConfiguration;
			buildSettings = {
				ALWAYS_SEARCH_USER_PATHS = NO;
				CLANG_CXX_LANGUAGE_STANDARD = "gnu++0x";
				CLANG_CXX_LIBRARY = "libc++";
				CLANG_ENABLE_MODULES = YES;
				CLANG_ENABLE_OBJC_ARC = YES;
				CLANG_WARN_BOOL_CONVERSION = YES;
				CLANG_WARN_CONSTANT_CONVERSION = YES;
				CLANG_WARN_DIRECT_OBJC_ISA_USAGE = YES_ERROR;
				CLANG_WARN_EMPTY_BODY = YES;
				CLANG_WARN_ENUM_CONVERSION = YES;
				CLANG_WARN_INT_CONVERSION = YES;
				CLANG_WARN_OBJC_ROOT_CLASS = YES_ERROR;
				CLANG_WARN_UNREACHABLE_CODE = YES;
				CLANG_WARN__DUPLICATE_METHOD_MATCH = YES;
				"CODE_SIGN_IDENTITY[sdk=*]" = "iPhone Developer";
				COPY_PHASE_STRIP = NO;
				DEBUG_INFORMATION_FORMAT = "dwarf-with-dsym";
				ENABLE_NS_ASSERTIONS = NO;
				ENABLE_STRICT_OBJC_MSGSEND = YES;
				GCC_C_LANGUAGE_STANDARD = gnu99;
				GCC_NO_COMMON_BLOCKS = YES;
				GCC_WARN_64_TO_32_BIT_CONVERSION = YES;
				GCC_WARN_ABOUT_RETURN_TYPE = YES_ERROR;
				GCC_WARN_UNDECLARED_SELECTOR = YES;
				GCC_WARN_UNINITIALIZED_AUTOS = YES_AGGRESSIVE;
				GCC_WARN_UNUSED_FUNCTION = YES;
				GCC_WARN_UNUSED_VARIABLE = YES;
				IPHONEOS_DEPLOYMENT_TARGET = 8.4;
				MTL_ENABLE_DEBUG_INFO = NO;
				PROVISIONING_PROFILE = "";
				SDKROOT = iphoneos;
				VALIDATE_PRODUCT = YES;
			};
			name = Release;
		};
		85ECE1A61B7F2008004C9BBE /* Debug */ = {
			isa = XCBuildConfiguration;
			buildSettings = {
				ASSETCATALOG_COMPILER_APPICON_NAME = AppIcon;
				CODE_SIGN_IDENTITY = "iPhone Developer";
				"CODE_SIGN_IDENTITY[sdk=iphoneos*]" = "iPhone Developer";
				INFOPLIST_FILE = MHButton/Info.plist;
				LD_RUNPATH_SEARCH_PATHS = "$(inherited) @executable_path/Frameworks";
				PRODUCT_NAME = "$(TARGET_NAME)";
				PROVISIONING_PROFILE = "";
			};
			name = Debug;
		};
		85ECE1A71B7F2008004C9BBE /* Release */ = {
			isa = XCBuildConfiguration;
			buildSettings = {
				ASSETCATALOG_COMPILER_APPICON_NAME = AppIcon;
				CODE_SIGN_IDENTITY = "iPhone Developer";
				"CODE_SIGN_IDENTITY[sdk=iphoneos*]" = "iPhone Developer";
				INFOPLIST_FILE = MHButton/Info.plist;
				LD_RUNPATH_SEARCH_PATHS = "$(inherited) @executable_path/Frameworks";
				PRODUCT_NAME = "$(TARGET_NAME)";
				PROVISIONING_PROFILE = "";
			};
			name = Release;
		};
		85ECE1A91B7F2008004C9BBE /* Debug */ = {
			isa = XCBuildConfiguration;
			buildSettings = {
				BUNDLE_LOADER = "$(TEST_HOST)";
				CODE_SIGN_IDENTITY = "iPhone Developer";
				"CODE_SIGN_IDENTITY[sdk=iphoneos*]" = "iPhone Developer";
				FRAMEWORK_SEARCH_PATHS = (
					"$(SDKROOT)/Developer/Library/Frameworks",
					"$(inherited)",
				);
				GCC_PREPROCESSOR_DEFINITIONS = (
					"DEBUG=1",
					"$(inherited)",
				);
				INFOPLIST_FILE = MHButtonTests/Info.plist;
				LD_RUNPATH_SEARCH_PATHS = "$(inherited) @executable_path/Frameworks @loader_path/Frameworks";
				PRODUCT_NAME = "$(TARGET_NAME)";
				PROVISIONING_PROFILE = "";
				TEST_HOST = "$(BUILT_PRODUCTS_DIR)/MHButton.app/MHButton";
			};
			name = Debug;
		};
		85ECE1AA1B7F2008004C9BBE /* Release */ = {
			isa = XCBuildConfiguration;
			buildSettings = {
				BUNDLE_LOADER = "$(TEST_HOST)";
				CODE_SIGN_IDENTITY = "iPhone Developer";
				"CODE_SIGN_IDENTITY[sdk=iphoneos*]" = "iPhone Developer";
				FRAMEWORK_SEARCH_PATHS = (
					"$(SDKROOT)/Developer/Library/Frameworks",
					"$(inherited)",
				);
				INFOPLIST_FILE = MHButtonTests/Info.plist;
				LD_RUNPATH_SEARCH_PATHS = "$(inherited) @executable_path/Frameworks @loader_path/Frameworks";
				PRODUCT_NAME = "$(TARGET_NAME)";
				PROVISIONING_PROFILE = "";
				TEST_HOST = "$(BUILT_PRODUCTS_DIR)/MHButton.app/MHButton";
			};
			name = Release;
		};
/* End XCBuildConfiguration section */

/* Begin XCConfigurationList section */
		85ECE17D1B7F2008004C9BBE /* Build configuration list for PBXProject "MHButton" */ = {
			isa = XCConfigurationList;
			buildConfigurations = (
				85ECE1A31B7F2008004C9BBE /* Debug */,
				85ECE1A41B7F2008004C9BBE /* Release */,
			);
			defaultConfigurationIsVisible = 0;
			defaultConfigurationName = Release;
		};
		85ECE1A51B7F2008004C9BBE /* Build configuration list for PBXNativeTarget "MHButton" */ = {
			isa = XCConfigurationList;
			buildConfigurations = (
				85ECE1A61B7F2008004C9BBE /* Debug */,
				85ECE1A71B7F2008004C9BBE /* Release */,
			);
			defaultConfigurationIsVisible = 0;
			defaultConfigurationName = Release;
		};
		85ECE1A81B7F2008004C9BBE /* Build configuration list for PBXNativeTarget "MHButtonTests" */ = {
			isa = XCConfigurationList;
			buildConfigurations = (
				85ECE1A91B7F2008004C9BBE /* Debug */,
				85ECE1AA1B7F2008004C9BBE /* Release */,
			);
			defaultConfigurationIsVisible = 0;
			defaultConfigurationName = Release;
		};
/* End XCConfigurationList section */
	};
	rootObject = 85ECE17A1B7F2008004C9BBE /* Project object */;
}
